
Microsoft Visual Studio Solution File, Format Version 11.00
# Visual Studio 2010
Project("{FAE04EC0-301F-11D3-BF4B-00C04F79EFBC}") = "Assembly-CSharp", "Assembly-CSharp.csproj", "{d962c624-c07d-bdf5-afa9-498f7df43e1e}"
EndProject
Project("{FAE04EC0-301F-11D3-BF4B-00C04F79EFBC}") = "Assembly-CSharp-firstpass", "Assembly-CSharp-firstpass.csproj", "{6310a7ef-0b3b-b6f1-4080-d82b93508449}"
EndProject
Global
	GlobalSection(SolutionConfigurationPlatforms) = preSolution
		Debug|Any CPU = Debug|Any CPU
	EndGlobalSection
	GlobalSection(ProjectConfigurationPlatforms) = postSolution
		{d962c624-c07d-bdf5-afa9-498f7df43e1e}.Debug|Any CPU.ActiveCfg = Debug|Any CPU
		{d962c624-c07d-bdf5-afa9-498f7df43e1e}.Debug|Any CPU.Build.0 = Debug|Any CPU
		{6310a7ef-0b3b-b6f1-4080-d82b93508449}.Debug|Any CPU.ActiveCfg = Debug|Any CPU
		{6310a7ef-0b3b-b6f1-4080-d82b93508449}.Debug|Any CPU.Build.0 = Debug|Any CPU
	EndGlobalSection
	GlobalSection(SolutionProperties) = preSolution
		HideSolutionNode = FALSE
	EndGlobalSection
EndGlobal
